
Microsoft Visual Studio Solution File, Format Version 12.00
# Visual Studio Version 16
VisualStudioVersion = 16.0.30804.86
MinimumVisualStudioVersion = 10.0.40219.1
Project("{FAE04EC0-301F-11D3-BF4B-00C04F79EFBC}") = "proiect.Android", "proiect\proiect.Android\proiect.Android.csproj", "{5380847F-286C-45C7-AB1B-54521D2D3AD4}"
EndProject
Project("{FAE04EC0-301F-11D3-BF4B-00C04F79EFBC}") = "proiect.iOS", "proiect\proiect.iOS\proiect.iOS.csproj", "{13D464A1-0DCF-433F-ABEC-45639D309B36}"
EndProject
Project("{FAE04EC0-301F-11D3-BF4B-00C04F79EFBC}") = "proiect", "proiect\proiect\proiect.csproj", "{E315623C-02F1-4BDF-84DC-B9B1B4284559}"
EndProject
Global
	GlobalSection(SolutionConfigurationPlatforms) = preSolution
		Debug|Any CPU = Debug|Any CPU
		Debug|iPhone = Debug|iPhone
		Debug|iPhoneSimulator = Debug|iPhoneSimulator
		Release|Any CPU = Release|Any CPU
		Release|iPhone = Release|iPhone
		Release|iPhoneSimulator = Release|iPhoneSimulator
	EndGlobalSection
	GlobalSection(ProjectConfigurationPlatforms) = postSolution
		{5380847F-286C-45C7-AB1B-54521D2D3AD4}.Debug|Any CPU.ActiveCfg = Debug|Any CPU
		{5380847F-286C-45C7-AB1B-54521D2D3AD4}.Debug|Any CPU.Build.0 = Debug|Any CPU
		{5380847F-286C-45C7-AB1B-54521D2D3AD4}.Debug|Any CPU.Deploy.0 = Debug|Any CPU
		{5380847F-286C-45C7-AB1B-54521D2D3AD4}.Debug|iPhone.ActiveCfg = Debug|Any CPU
		{5380847F-286C-45C7-AB1B-54521D2D3AD4}.Debug|iPhone.Build.0 = Debug|Any CPU
		{5380847F-286C-45C7-AB1B-54521D2D3AD4}.Debug|iPhone.Deploy.0 = Debug|Any CPU
		{5380847F-286C-45C7-AB1B-54521D2D3AD4}.Debug|iPhoneSimulator.ActiveCfg = Debug|Any CPU
		{5380847F-286C-45C7-AB1B-54521D2D3AD4}.Debug|iPhoneSimulator.Build.0 = Debug|Any CPU
		{5380847F-286C-45C7-AB1B-54521D2D3AD4}.Debug|iPhoneSimulator.Deploy.0 = Debug|Any CPU
		{5380847F-286C-45C7-AB1B-54521D2D3AD4}.Release|Any CPU.ActiveCfg = Release|Any CPU
		{5380847F-286C-45C7-AB1B-54521D2D3AD4}.Release|Any CPU.Build.0 = Release|Any CPU
		{5380847F-286C-45C7-AB1B-54521D2D3AD4}.Release|Any CPU.Deploy.0 = Release|Any CPU
		{5380847F-286C-45C7-AB1B-54521D2D3AD4}.Release|iPhone.ActiveCfg = Release|Any CPU
		{5380847F-286C-45C7-AB1B-54521D2D3AD4}.Release|iPhone.Build.0 = Release|Any CPU
		{5380847F-286C-45C7-AB1B-54521D2D3AD4}.Release|iPhone.Deploy.0 = Release|Any CPU
		{5380847F-286C-45C7-AB1B-54521D2D3AD4}.Release|iPhoneSimulator.ActiveCfg = Release|Any CPU
		{5380847F-286C-45C7-AB1B-54521D2D3AD4}.Release|iPhoneSimulator.Build.0 = Release|Any CPU
		{5380847F-286C-45C7-AB1B-54521D2D3AD4}.Release|iPhoneSimulator.Deploy.0 = Release|Any CPU
		{13D464A1-0DCF-433F-ABEC-45639D309B36}.Debug|Any CPU.ActiveCfg = Debug|iPhone
		{13D464A1-0DCF-433F-ABEC-45639D309B36}.Debug|Any CPU.Build.0 = Debug|iPhone
		{13D464A1-0DCF-433F-ABEC-45639D309B36}.Debug|Any CPU.Deploy.0 = Debug|iPhone
		{13D464A1-0DCF-433F-ABEC-45639D309B36}.Debug|iPhone.ActiveCfg = Debug|iPhone
		{13D464A1-0DCF-433F-ABEC-45639D309B36}.Debug|iPhone.Build.0 = Debug|iPhone
		{13D464A1-0DCF-433F-ABEC-45639D309B36}.Debug|iPhone.Deploy.0 = Debug|iPhone
		{13D464A1-0DCF-433F-ABEC-45639D309B36}.Debug|iPhoneSimulator.ActiveCfg = Debug|iPhoneSimulator
		{13D464A1-0DCF-433F-ABEC-45639D309B36}.Debug|iPhoneSimulator.Build.0 = Debug|iPhoneSimulator
		{13D464A1-0DCF-433F-ABEC-45639D309B36}.Debug|iPhoneSimulator.Deploy.0 = Debug|iPhoneSimulator
		{13D464A1-0DCF-433F-ABEC-45639D309B36}.Release|Any CPU.ActiveCfg = Release|iPhoneSimulator
		{13D464A1-0DCF-433F-ABEC-45639D309B36}.Release|Any CPU.Build.0 = Release|iPhoneSimulator
		{13D464A1-0DCF-433F-ABEC-45639D309B36}.Release|Any CPU.Deploy.0 = Release|iPhoneSimulator
		{13D464A1-0DCF-433F-ABEC-45639D309B36}.Release|iPhone.ActiveCfg = Release|iPhone
		{13D464A1-0DCF-433F-ABEC-45639D309B36}.Release|iPhone.Build.0 = Release|iPhone
		{13D464A1-0DCF-433F-ABEC-45639D309B36}.Release|iPhone.Deploy.0 = Release|iPhone
		{13D464A1-0DCF-433F-ABEC-45639D309B36}.Release|iPhoneSimulator.ActiveCfg = Release|iPhoneSimulator
		{13D464A1-0DCF-433F-ABEC-45639D309B36}.Release|iPhoneSimulator.Build.0 = Release|iPhoneSimulator
		{13D464A1-0DCF-433F-ABEC-45639D309B36}.Release|iPhoneSimulator.Deploy.0 = Release|iPhoneSimulator
		{E315623C-02F1-4BDF-84DC-B9B1B4284559}.Debug|Any CPU.ActiveCfg = Debug|Any CPU
		{E315623C-02F1-4BDF-84DC-B9B1B4284559}.Debug|Any CPU.Build.0 = Debug|Any CPU
		{E315623C-02F1-4BDF-84DC-B9B1B4284559}.Debug|Any CPU.Deploy.0 = Debug|Any CPU
		{E315623C-02F1-4BDF-84DC-B9B1B4284559}.Debug|iPhone.ActiveCfg = Debug|Any CPU
		{E315623C-02F1-4BDF-84DC-B9B1B4284559}.Debug|iPhone.Build.0 = Debug|Any CPU
		{E315623C-02F1-4BDF-84DC-B9B1B4284559}.Debug|iPhone.Deploy.0 = Debug|Any CPU
		{E315623C-02F1-4BDF-84DC-B9B1B4284559}.Debug|iPhoneSimulator.ActiveCfg = Debug|Any CPU
		{E315623C-02F1-4BDF-84DC-B9B1B4284559}.Debug|iPhoneSimulator.Build.0 = Debug|Any CPU
		{E315623C-02F1-4BDF-84DC-B9B1B4284559}.Debug|iPhoneSimulator.Deploy.0 = Debug|Any CPU
		{E315623C-02F1-4BDF-84DC-B9B1B4284559}.Release|Any CPU.ActiveCfg = Release|Any CPU
		{E315623C-02F1-4BDF-84DC-B9B1B4284559}.Release|Any CPU.Build.0 = Release|Any CPU
		{E315623C-02F1-4BDF-84DC-B9B1B4284559}.Release|Any CPU.Deploy.0 = Release|Any CPU
		{E315623C-02F1-4BDF-84DC-B9B1B4284559}.Release|iPhone.ActiveCfg = Release|Any CPU
		{E315623C-02F1-4BDF-84DC-B9B1B4284559}.Release|iPhone.Build.0 = Release|Any CPU
		{E315623C-02F1-4BDF-84DC-B9B1B4284559}.Release|iPhone.Deploy.0 = Release|Any CPU
		{E315623C-02F1-4BDF-84DC-B9B1B4284559}.Release|iPhoneSimulator.ActiveCfg = Release|Any CPU
		{E315623C-02F1-4BDF-84DC-B9B1B4284559}.Release|iPhoneSimulator.Build.0 = Release|Any CPU
		{E315623C-02F1-4BDF-84DC-B9B1B4284559}.Release|iPhoneSimulator.Deploy.0 = Release|Any CPU
	EndGlobalSection
	GlobalSection(SolutionProperties) = preSolution
		HideSolutionNode = FALSE
	EndGlobalSection
	GlobalSection(ExtensibilityGlobals) = postSolution
		SolutionGuid = {9F96E57E-7854-4CFB-8E13-640911191D01}
	EndGlobalSection
EndGlobal
